// !$*UTF8*$!
{
	archiveVersion = 1;
	classes = {
	};
	objectVersion = 50;
	objects = {

/* Begin PBXBuildFile section */
		3C10753F23E576AA00F043B4 /* AppDelegate.swift in Sources */ = {isa = PBXBuildFile; fileRef = 3C10753E23E576AA00F043B4 /* AppDelegate.swift */; };
		3C10754123E576AA00F043B4 /* ViewController.swift in Sources */ = {isa = PBXBuildFile; fileRef = 3C10754023E576AA00F043B4 /* ViewController.swift */; };
		3C10754423E576AA00F043B4 /* Main.storyboard in Resources */ = {isa = PBXBuildFile; fileRef = 3C10754223E576AA00F043B4 /* Main.storyboard */; };
		3C10754623E576AC00F043B4 /* Assets.xcassets in Resources */ = {isa = PBXBuildFile; fileRef = 3C10754523E576AC00F043B4 /* Assets.xcassets */; };
		3C10754923E576AC00F043B4 /* LaunchScreen.storyboard in Resources */ = {isa = PBXBuildFile; fileRef = 3C10754723E576AC00F043B4 /* LaunchScreen.storyboard */; };
		3C10755423E576AD00F043B4 /* UnitTestingTests.swift in Sources */ = {isa = PBXBuildFile; fileRef = 3C10755323E576AD00F043B4 /* UnitTestingTests.swift */; };
		3C10755F23E577DB00F043B4 /* Student.swift in Sources */ = {isa = PBXBuildFile; fileRef = 3C10755E23E577DB00F043B4 /* Student.swift */; };
		3C872C0B23E7191E00D96485 /* TestStudent.swift in Sources */ = {isa = PBXBuildFile; fileRef = 3C872C0A23E7191E00D96485 /* TestStudent.swift */; };
/* End PBXBuildFile section */

/* Begin PBXContainerItemProxy section */
		3C10755023E576AD00F043B4 /* PBXContainerItemProxy */ = {
			isa = PBXContainerItemProxy;
			containerPortal = 3C10753323E576AA00F043B4 /* Project object */;
			proxyType = 1;
			remoteGlobalIDString = 3C10753A23E576AA00F043B4;
			remoteInfo = UnitTesting;
		};
/* End PBXContainerItemProxy section */

/* Begin PBXFileReference section */
		3C10753B23E576AA00F043B4 /* UnitTesting.app */ = {isa = PBXFileReference; explicitFileType = wrapper.application; includeInIndex = 0; path = UnitTesting.app; sourceTree = BUILT_PRODUCTS_DIR; };
		3C10753E23E576AA00F043B4 /* AppDelegate.swift */ = {isa = PBXFileReference; lastKnownFileType = sourcecode.swift; path = AppDelegate.swift; sourceTree = "<group>"; };
		3C10754023E576AA00F043B4 /* ViewController.swift */ = {isa = PBXFileReference; lastKnownFileType = sourcecode.swift; path = ViewController.swift; sourceTree = "<group>"; };
		3C10754323E576AA00F043B4 /* Base */ = {isa = PBXFileReference; lastKnownFileType = file.storyboard; name = Base; path = Base.lproj/Main.storyboard; sourceTree = "<group>"; };
		3C10754523E576AC00F043B4 /* Assets.xcassets */ = {isa = PBXFileReference; lastKnownFileType = folder.assetcatalog; path = Assets.xcassets; sourceTree = "<group>"; };
		3C10754823E576AC00F043B4 /* Base */ = {isa = PBXFileReference; lastKnownFileType = file.storyboard; name = Base; path = Base.lproj/LaunchScreen.storyboard; sourceTree = "<group>"; };
		3C10754A23E576AC00F043B4 /* Info.plist */ = {isa = PBXFileReference; lastKnownFileType = text.plist.xml; path = Info.plist; sourceTree = "<group>"; };
		3C10754F23E576AD00F043B4 /* UnitTestingTests.xctest */ = {isa = PBXFileReference; explicitFileType = wrapper.cfbundle; includeInIndex = 0; path = UnitTestingTests.xctest; sourceTree = BUILT_PRODUCTS_DIR; };
		3C10755323E576AD00F043B4 /* UnitTestingTests.swift */ = {isa = PBXFileReference; lastKnownFileType = sourcecode.swift; path = UnitTestingTests.swift; sourceTree = "<group>"; };
		3C10755523E576AD00F043B4 /* Info.plist */ = {isa = PBXFileReference; lastKnownFileType = text.plist.xml; path = Info.plist; sourceTree = "<group>"; };
		3C10755E23E577DB00F043B4 /* Student.swift */ = {isa = PBXFileReference; lastKnownFileType = sourcecode.swift; path = Student.swift; sourceTree = "<group>"; };
		3C872C0A23E7191E00D96485 /* TestStudent.swift */ = {isa = PBXFileReference; lastKnownFileType = sourcecode.swift; path = TestStudent.swift; sourceTree = "<group>"; };
/* End PBXFileReference section */

/* Begin PBXFrameworksBuildPhase section */
		3C10753823E576AA00F043B4 /* Frameworks */ = {
			isa = PBXFrameworksBuildPhase;
			buildActionMask = 2147483647;
			files = (
			);
			runOnlyForDeploymentPostprocessing = 0;
		};
		3C10754C23E576AD00F043B4 /* Frameworks */ = {
			isa = PBXFrameworksBuildPhase;
			buildActionMask = 2147483647;
			files = (
			);
			runOnlyForDeploymentPostprocessing = 0;
		};
/* End PBXFrameworksBuildPhase section */

/* Begin PBXGroup section */
		3C10753223E576AA00F043B4 = {
			isa = PBXGroup;
			children = (
				3C10753D23E576AA00F043B4 /* UnitTesting */,
				3C10755223E576AD00F043B4 /* UnitTestingTests */,
				3C10753C23E576AA00F043B4 /* Products */,
			);
			sourceTree = "<group>";
		};
		3C10753C23E576AA00F043B4 /* Products */ = {
			isa = PBXGroup;
			children = (
				3C10753B23E576AA00F043B4 /* UnitTesting.app */,
				3C10754F23E576AD00F043B4 /* UnitTestingTests.xctest */,
			);
			name = Products;
			sourceTree = "<group>";
		};
		3C10753D23E576AA00F043B4 /* UnitTesting */ = {
			isa = PBXGroup;
			children = (
				3C10753E23E576AA00F043B4 /* AppDelegate.swift */,
				3C10754023E576AA00F043B4 /* ViewController.swift */,
				3C10754223E576AA00F043B4 /* Main.storyboard */,
				3C10754523E576AC00F043B4 /* Assets.xcassets */,
				3C10754723E576AC00F043B4 /* LaunchScreen.storyboard */,
				3C10754A23E576AC00F043B4 /* Info.plist */,
				3C10755E23E577DB00F043B4 /* Student.swift */,
			);
			path = UnitTesting;
			sourceTree = "<group>";
		};
		3C10755223E576AD00F043B4 /* UnitTestingTests */ = {
			isa = PBXGroup;
			children = (
				3C10755323E576AD00F043B4 /* UnitTestingTests.swift */,
				3C10755523E576AD00F043B4 /* Info.plist */,
				3C872C0A23E7191E00D96485 /* TestStudent.swift */,
			);
			path = UnitTestingTests;
			sourceTree = "<group>";
		};
/* End PBXGroup section */

/* Begin PBXNativeTarget section */
		3C10753A23E576AA00F043B4 /* UnitTesting */ = {
			isa = PBXNativeTarget;
			buildConfigurationList = 3C10755823E576AD00F043B4 /* Build configuration list for PBXNativeTarget "UnitTesting" */;
			buildPhases = (
				3C10753723E576AA00F043B4 /* Sources */,
				3C10753823E576AA00F043B4 /* Frameworks */,
				3C10753923E576AA00F043B4 /* Resources */,
			);
			buildRules = (
			);
			dependencies = (
			);
			name = UnitTesting;
			productName = UnitTesting;
			productReference = 3C10753B23E576AA00F043B4 /* UnitTesting.app */;
			productType = "com.apple.product-type.application";
		};
		3C10754E23E576AD00F043B4 /* UnitTestingTests */ = {
			isa = PBXNativeTarget;
			buildConfigurationList = 3C10755B23E576AD00F043B4 /* Build configuration list for PBXNativeTarget "UnitTestingTests" */;
			buildPhases = (
				3C10754B23E576AD00F043B4 /* Sources */,
				3C10754C23E576AD00F043B4 /* Frameworks */,
				3C10754D23E576AD00F043B4 /* Resources */,
			);
			buildRules = (
			);
			dependencies = (
				3C10755123E576AD00F043B4 /* PBXTargetDependency */,
			);
			name = UnitTestingTests;
			productName = UnitTestingTests;
			productReference = 3C10754F23E576AD00F043B4 /* UnitTestingTests.xctest */;
			productType = "com.apple.product-type.bundle.unit-test";
		};
/* End PBXNativeTarget section */

/* Begin PBXProject section */
		3C10753323E576AA00F043B4 /* Project object */ = {
			isa = PBXProject;
			attributes = {
				LastSwiftUpdateCheck = 1030;
				LastUpgradeCheck = 1030;
				ORGANIZATIONNAME = "Anjalee Abenayaka";
				TargetAttributes = {
					3C10753A23E576AA00F043B4 = {
						CreatedOnToolsVersion = 10.3;
					};
					3C10754E23E576AD00F043B4 = {
						CreatedOnToolsVersion = 10.3;
						TestTargetID = 3C10753A23E576AA00F043B4;
					};
				};
			};
			buildConfigurationList = 3C10753623E576AA00F043B4 /* Build configuration list for PBXProject "UnitTesting" */;
			compatibilityVersion = "Xcode 9.3";
			developmentRegion = en;
			hasScannedForEncodings = 0;
			knownRegions = (
				en,
				Base,
			);
			mainGroup = 3C10753223E576AA00F043B4;
			productRefGroup = 3C10753C23E576AA00F043B4 /* Products */;
			projectDirPath = "";
			projectRoot = "";
			targets = (
				3C10753A23E576AA00F043B4 /* UnitTesting */,
				3C10754E23E576AD00F043B4 /* UnitTestingTests */,
			);
		};
/* End PBXProject section */

/* Begin PBXResourcesBuildPhase section */
		3C10753923E576AA00F043B4 /* Resources */ = {
			isa = PBXResourcesBuildPhase;
			buildActionMask = 2147483647;
			files = (
				3C10754923E576AC00F043B4 /* LaunchScreen.storyboard in Resources */,
				3C10754623E576AC00F043B4 /* Assets.xcassets in Resources */,
				3C10754423E576AA00F043B4 /* Main.storyboard in Resources */,
			);
			runOnlyForDeploymentPostprocessing = 0;
		};
		3C10754D23E576AD00F043B4 /* Resources */ = {
			isa = PBXResourcesBuildPhase;
			buildActionMask = 2147483647;
			files = (
			);
			runOnlyForDeploymentPostprocessing = 0;
		};
/* End PBXResourcesBuildPhase section */

/* Begin PBXSourcesBuildPhase section */
		3C10753723E576AA00F043B4 /* Sources */ = {
			isa = PBXSourcesBuildPhase;
			buildActionMask = 2147483647;
			files = (
				3C10754123E576AA00F043B4 /* ViewController.swift in Sources */,
				3C10755F23E577DB00F043B4 /* Student.swift in Sources */,
				3C10753F23E576AA00F043B4 /* AppDelegate.swift in Sources */,
			);
			runOnlyForDeploymentPostprocessing = 0;
		};
		3C10754B23E576AD00F043B4 /* Sources */ = {
			isa = PBXSourcesBuildPhase;
			buildActionMask = 2147483647;
			files = (
				3C10755423E576AD00F043B4 /* UnitTestingTests.swift in Sources */,
				3C872C0B23E7191E00D96485 /* TestStudent.swift in Sources */,
			);
			runOnlyForDeploymentPostprocessing = 0;
		};
/* End PBXSourcesBuildPhase section */

/* Begin PBXTargetDependency section */
		3C10755123E576AD00F043B4 /* PBXTargetDependency */ = {
			isa = PBXTargetDependency;
			target = 3C10753A23E576AA00F043B4 /* UnitTesting */;
			targetProxy = 3C10755023E576AD00F043B4 /* PBXContainerItemProxy */;
		};
/* End PBXTargetDependency section */

/* Begin PBXVariantGroup section */
		3C10754223E576AA00F043B4 /* Main.storyboard */ = {
			isa = PBXVariantGroup;
			children = (
				3C10754323E576AA00F043B4 /* Base */,
			);
			name = Main.storyboard;
			sourceTree = "<group>";
		};
		3C10754723E576AC00F043B4 /* LaunchScreen.storyboard */ = {
			isa = PBXVariantGroup;
			children = (
				3C10754823E576AC00F043B4 /* Base */,
			);
			name = LaunchScreen.storyboard;
			sourceTree = "<group>";
		};
/* End PBXVariantGroup section */

/* Begin XCBuildConfiguration section */
		3C10755623E576AD00F043B4 /* Debug */ = {
			isa = XCBuildConfiguration;
			buildSettings = {
				ALWAYS_SEARCH_USER_PATHS = NO;
				CLANG_ANALYZER_NONNULL = YES;
				CLANG_ANALYZER_NUMBER_OBJECT_CONVERSION = YES_AGGRESSIVE;
				CLANG_CXX_LANGUAGE_STANDARD = "gnu++14";
				CLANG_CXX_LIBRARY = "libc++";
				CLANG_ENABLE_MODULES = YES;
				CLANG_ENABLE_OBJC_ARC = YES;
				CLANG_ENABLE_OBJC_WEAK = YES;
				CLANG_WARN_BLOCK_CAPTURE_AUTORELEASING = YES;
				CLANG_WARN_BOOL_CONVERSION = YES;
				CLANG_WARN_COMMA = YES;
				CLANG_WARN_CONSTANT_CONVERSION = YES;
				CLANG_WARN_DEPRECATED_OBJC_IMPLEMENTATIONS = YES;
				CLANG_WARN_DIRECT_OBJC_ISA_USAGE = YES_ERROR;
				CLANG_WARN_DOCUMENTATION_COMMENTS = YES;
				CLANG_WARN_EMPTY_BODY = YES;
				CLANG_WARN_ENUM_CONVERSION = YES;
				CLANG_WARN_INFINITE_RECURSION = YES;
				CLANG_WARN_INT_CONVERSION = YES;
				CLANG_WARN_NON_LITERAL_NULL_CONVERSION = YES;
				CLANG_WARN_OBJC_IMPLICIT_RETAIN_SELF = YES;
				CLANG_WARN_OBJC_LITERAL_CONVERSION = YES;
				CLANG_WARN_OBJC_ROOT_CLASS = YES_ERROR;
				CLANG_WARN_RANGE_LOOP_ANALYSIS = YES;
				CLANG_WARN_STRICT_PROTOTYPES = YES;
				CLANG_WARN_SUSPICIOUS_MOVE = YES;
				CLANG_WARN_UNGUARDED_AVAILABILITY = YES_AGGRESSIVE;
				CLANG_WARN_UNREACHABLE_CODE = YES;
				CLANG_WARN__DUPLICATE_METHOD_MATCH = YES;
				CODE_SIGN_IDENTITY = "iPhone Developer";
				COPY_PHASE_STRIP = NO;
				DEBUG_INFORMATION_FORMAT = dwarf;
				ENABLE_STRICT_OBJC_MSGSEND = YES;
				ENABLE_TESTABILITY = YES;
				GCC_C_LANGUAGE_STANDARD = gnu11;
				GCC_DYNAMIC_NO_PIC = NO;
				GCC_NO_COMMON_BLOCKS = YES;
				GCC_OPTIMIZATION_LEVEL = 0;
				GCC_PREPROCESSOR_DEFINITIONS = (
					"DEBUG=1",
					"$(inherited)",
				);
				GCC_WARN_64_TO_32_BIT_CONVERSION = YES;
				GCC_WARN_ABOUT_RETURN_TYPE = YES_ERROR;
				GCC_WARN_UNDECLARED_SELECTOR = YES;
				GCC_WARN_UNINITIALIZED_AUTOS = YES_AGGRESSIVE;
				GCC_WARN_UNUSED_FUNCTION = YES;
				GCC_WARN_UNUSED_VARIABLE = YES;
				IPHONEOS_DEPLOYMENT_TARGET = 12.4;
				MTL_ENABLE_DEBUG_INFO = INCLUDE_SOURCE;
				MTL_FAST_MATH = YES;
				ONLY_ACTIVE_ARCH = YES;
				SDKROOT = iphoneos;
				SWIFT_ACTIVE_COMPILATION_CONDITIONS = DEBUG;
				SWIFT_OPTIMIZATION_LEVEL = "-Onone";
			};
			name = Debug;
		};
		3C10755723E576AD00F043B4 /* Release */ = {
			isa = XCBuildConfiguration;
			buildSettings = {
				ALWAYS_SEARCH_USER_PATHS = NO;
				CLANG_ANALYZER_NONNULL = YES;
				CLANG_ANALYZER_NUMBER_OBJECT_CONVERSION = YES_AGGRESSIVE;
				CLANG_CXX_LANGUAGE_STANDARD = "gnu++14";
				CLANG_CXX_LIBRARY = "libc++";
				CLANG_ENABLE_MODULES = YES;
				CLANG_ENABLE_OBJC_ARC = YES;
				CLANG_ENABLE_OBJC_WEAK = YES;
				CLANG_WARN_BLOCK_CAPTURE_AUTORELEASING = YES;
				CLANG_WARN_BOOL_CONVERSION = YES;
				CLANG_WARN_COMMA = YES;
				CLANG_WARN_CONSTANT_CONVERSION = YES;
				CLANG_WARN_DEPRECATED_OBJC_IMPLEMENTATIONS = YES;
				CLANG_WARN_DIRECT_OBJC_ISA_USAGE = YES_ERROR;
				CLANG_WARN_DOCUMENTATION_COMMENTS = YES;
				CLANG_WARN_EMPTY_BODY = YES;
				CLANG_WARN_ENUM_CONVERSION = YES;
				CLANG_WARN_INFINITE_RECURSION = YES;
				CLANG_WARN_INT_CONVERSION = YES;
				CLANG_WARN_NON_LITERAL_NULL_CONVERSION = YES;
				CLANG_WARN_OBJC_IMPLICIT_RETAIN_SELF = YES;
				CLANG_WARN_OBJC_LITERAL_CONVERSION = YES;
				CLANG_WARN_OBJC_ROOT_CLASS = YES_ERROR;
				CLANG_WARN_RANGE_LOOP_ANALYSIS = YES;
				CLANG_WARN_STRICT_PROTOTYPES = YES;
				CLANG_WARN_SUSPICIOUS_MOVE = YES;
				CLANG_WARN_UNGUARDED_AVAILABILITY = YES_AGGRESSIVE;
				CLANG_WARN_UNREACHABLE_CODE = YES;
				CLANG_WARN__DUPLICATE_METHOD_MATCH = YES;
				CODE_SIGN_IDENTITY = "iPhone Developer";
				COPY_PHASE_STRIP = NO;
				DEBUG_INFORMATION_FORMAT = "dwarf-with-dsym";
				ENABLE_NS_ASSERTIONS = NO;
				ENABLE_STRICT_OBJC_MSGSEND = YES;
				GCC_C_LANGUAGE_STANDARD = gnu11;
				GCC_NO_COMMON_BLOCKS = YES;
				GCC_WARN_64_TO_32_BIT_CONVERSION = YES;
				GCC_WARN_ABOUT_RETURN_TYPE = YES_ERROR;
				GCC_WARN_UNDECLARED_SELECTOR = YES;
				GCC_WARN_UNINITIALIZED_AUTOS = YES_AGGRESSIVE;
				GCC_WARN_UNUSED_FUNCTION = YES;
				GCC_WARN_UNUSED_VARIABLE = YES;
				IPHONEOS_DEPLOYMENT_TARGET = 12.4;
				MTL_ENABLE_DEBUG_INFO = NO;
				MTL_FAST_MATH = YES;
				SDKROOT = iphoneos;
				SWIFT_COMPILATION_MODE = wholemodule;
				SWIFT_OPTIMIZATION_LEVEL = "-O";
				VALIDATE_PRODUCT = YES;
			};
			name = Release;
		};
		3C10755923E576AD00F043B4 /* Debug */ = {
			isa = XCBuildConfiguration;
			buildSettings = {
				ASSETCATALOG_COMPILER_APPICON_NAME = AppIcon;
				CODE_SIGN_STYLE = Automatic;
				DEVELOPMENT_TEAM = 3KXV8X84Q6;
				INFOPLIST_FILE = UnitTesting/Info.plist;
				LD_RUNPATH_SEARCH_PATHS = (
					"$(inherited)",
					"@executable_path/Frameworks",
				);
				PRODUCT_BUNDLE_IDENTIFIER = Anjalee.UnitTesting;
				PRODUCT_NAME = "$(TARGET_NAME)";
				SWIFT_VERSION = 5.0;
				TARGETED_DEVICE_FAMILY = "1,2";
			};
			name = Debug;
		};
		3C10755A23E576AD00F043B4 /* Release */ = {
			isa = XCBuildConfiguration;
			buildSettings = {
				ASSETCATALOG_COMPILER_APPICON_NAME = AppIcon;
				CODE_SIGN_STYLE = Automatic;
				DEVELOPMENT_TEAM = 3KXV8X84Q6;
				INFOPLIST_FILE = UnitTesting/Info.plist;
				LD_RUNPATH_SEARCH_PATHS = (
					"$(inherited)",
					"@executable_path/Frameworks",
				);
				PRODUCT_BUNDLE_IDENTIFIER = Anjalee.UnitTesting;
				PRODUCT_NAME = "$(TARGET_NAME)";
				SWIFT_VERSION = 5.0;
				TARGETED_DEVICE_FAMILY = "1,2";
			};
			name = Release;
		};
		3C10755C23E576AD00F043B4 /* Debug */ = {
			isa = XCBuildConfiguration;
			buildSettings = {
				ALWAYS_EMBED_SWIFT_STANDARD_LIBRARIES = YES;
				BUNDLE_LOADER = "$(TEST_HOST)";
				CODE_SIGN_STYLE = Automatic;
				DEVELOPMENT_TEAM = 3KXV8X84Q6;
				INFOPLIST_FILE = UnitTestingTests/Info.plist;
				LD_RUNPATH_SEARCH_PATHS = (
					"$(inherited)",
					"@executable_path/Frameworks",
					"@loader_path/Frameworks",
				);
				PRODUCT_BUNDLE_IDENTIFIER = Anjalee.UnitTestingTests;
				PRODUCT_NAME = "$(TARGET_NAME)";
				SWIFT_VERSION = 5.0;
				TARGETED_DEVICE_FAMILY = "1,2";
				TEST_HOST = "$(BUILT_PRODUCTS_DIR)/UnitTesting.app/UnitTesting";
			};
			name = Debug;
		};
		3C10755D23E576AD00F043B4 /* Release */ = {
			isa = XCBuildConfiguration;
			buildSettings = {
				ALWAYS_EMBED_SWIFT_STANDARD_LIBRARIES = YES;
				BUNDLE_LOADER = "$(TEST_HOST)";
				CODE_SIGN_STYLE = Automatic;
				DEVELOPMENT_TEAM = 3KXV8X84Q6;
				INFOPLIST_FILE = UnitTestingTests/Info.plist;
				LD_RUNPATH_SEARCH_PATHS = (
					"$(inherited)",
					"@executable_path/Frameworks",
					"@loader_path/Frameworks",
				);
				PRODUCT_BUNDLE_IDENTIFIER = Anjalee.UnitTestingTests;
				PRODUCT_NAME = "$(TARGET_NAME)";
				SWIFT_VERSION = 5.0;
				TARGETED_DEVICE_FAMILY = "1,2";
				TEST_HOST = "$(BUILT_PRODUCTS_DIR)/UnitTesting.app/UnitTesting";
			};
			name = Release;
		};
/* End XCBuildConfiguration section */

/* Begin XCConfigurationList section */
		3C10753623E576AA00F043B4 /* Build configuration list for PBXProject "UnitTesting" */ = {
			isa = XCConfigurationList;
			buildConfigurations = (
				3C10755623E576AD00F043B4 /* Debug */,
				3C10755723E576AD00F043B4 /* Release */,
			);
			defaultConfigurationIsVisible = 0;
			defaultConfigurationName = Release;
		};
		3C10755823E576AD00F043B4 /* Build configuration list for PBXNativeTarget "UnitTesting" */ = {
			isa = XCConfigurationList;
			buildConfigurations = (
				3C10755923E576AD00F043B4 /* Debug */,
				3C10755A23E576AD00F043B4 /* Release */,
			);
			defaultConfigurationIsVisible = 0;
			defaultConfigurationName = Release;
		};
		3C10755B23E576AD00F043B4 /* Build configuration list for PBXNativeTarget "UnitTestingTests" */ = {
			isa = XCConfigurationList;
			buildConfigurations = (
				3C10755C23E576AD00F043B4 /* Debug */,
				3C10755D23E576AD00F043B4 /* Release */,
			);
			defaultConfigurationIsVisible = 0;
			defaultConfigurationName = Release;
		};
/* End XCConfigurationList section */
	};
	rootObject = 3C10753323E576AA00F043B4 /* Project object */;
}
